
Microsoft Visual Studio Solution File, Format Version 12.00
# Visual Studio Version 17
VisualStudioVersion = 17.3.32922.545
MinimumVisualStudioVersion = 10.0.40219.1
Project("{FAE04EC0-301F-11D3-BF4B-00C04F79EFBC}") = "linguage_backend", "linguage_backend\linguage_backend.csproj", "{A2AE9D29-2EC5-4A75-BE72-E130E9C0187B}"
EndProject
Global
	GlobalSection(SolutionConfigurationPlatforms) = preSolution
		Debug|Any CPU = Debug|Any CPU
		Release|Any CPU = Release|Any CPU
	EndGlobalSection
	GlobalSection(ProjectConfigurationPlatforms) = postSolution
		{A2AE9D29-2EC5-4A75-BE72-E130E9C0187B}.Debug|Any CPU.ActiveCfg = Debug|Any CPU
		{A2AE9D29-2EC5-4A75-BE72-E130E9C0187B}.Debug|Any CPU.Build.0 = Debug|Any CPU
		{A2AE9D29-2EC5-4A75-BE72-E130E9C0187B}.Release|Any CPU.ActiveCfg = Release|Any CPU
		{A2AE9D29-2EC5-4A75-BE72-E130E9C0187B}.Release|Any CPU.Build.0 = Release|Any CPU
	EndGlobalSection
	GlobalSection(SolutionProperties) = preSolution
		HideSolutionNode = FALSE
	EndGlobalSection
	GlobalSection(ExtensibilityGlobals) = postSolution
		SolutionGuid = {ED22BD98-EEAE-4511-BD96-37CFC7907072}
	EndGlobalSection
EndGlobal
